
Microsoft Visual Studio Solution File, Format Version 12.00
# Visual Studio Version 17
VisualStudioVersion = 17.9.34723.18
MinimumVisualStudioVersion = 10.0.40219.1
Project("{9A19103F-16F7-4668-BE54-9A1E7A4F7556}") = "PruebaTecnicaSatLinkPagina", "PruebaTecnicaSatLinkPagina\PruebaTecnicaSatLinkPagina.csproj", "{948C4620-6236-4471-9AF5-388FF123D6A8}"
EndProject
Project("{FAE04EC0-301F-11D3-BF4B-00C04F79EFBC}") = "ServicioDescargaDato", "ServicioDescargaDato\ServicioDescargaDato.csproj", "{F10E56D9-489D-450F-95AA-E0E1BDC35662}"
EndProject
Global
	GlobalSection(SolutionConfigurationPlatforms) = preSolution
		Debug|Any CPU = Debug|Any CPU
		Release|Any CPU = Release|Any CPU
	EndGlobalSection
	GlobalSection(ProjectConfigurationPlatforms) = postSolution
		{948C4620-6236-4471-9AF5-388FF123D6A8}.Debug|Any CPU.ActiveCfg = Debug|Any CPU
		{948C4620-6236-4471-9AF5-388FF123D6A8}.Debug|Any CPU.Build.0 = Debug|Any CPU
		{948C4620-6236-4471-9AF5-388FF123D6A8}.Release|Any CPU.ActiveCfg = Release|Any CPU
		{948C4620-6236-4471-9AF5-388FF123D6A8}.Release|Any CPU.Build.0 = Release|Any CPU
		{F10E56D9-489D-450F-95AA-E0E1BDC35662}.Debug|Any CPU.ActiveCfg = Debug|Any CPU
		{F10E56D9-489D-450F-95AA-E0E1BDC35662}.Debug|Any CPU.Build.0 = Debug|Any CPU
		{F10E56D9-489D-450F-95AA-E0E1BDC35662}.Release|Any CPU.ActiveCfg = Release|Any CPU
		{F10E56D9-489D-450F-95AA-E0E1BDC35662}.Release|Any CPU.Build.0 = Release|Any CPU
	EndGlobalSection
	GlobalSection(SolutionProperties) = preSolution
		HideSolutionNode = FALSE
	EndGlobalSection
	GlobalSection(ExtensibilityGlobals) = postSolution
		SolutionGuid = {83B243B5-6C34-4586-A633-A9ECC452B70B}
	EndGlobalSection
EndGlobal
